
Microsoft Visual Studio Solution File, Format Version 12.00
# Visual Studio Version 16
VisualStudioVersion = 16.0.29806.167
MinimumVisualStudioVersion = 10.0.40219.1
Project("{8BC9CEB8-8B4A-11D0-8D11-00A0C91BC942}") = "TPPEngine", "TPPEngine\TPPEngine.vcxproj", "{65031B6A-61AF-4EB5-AAB7-F5CAAC68580F}"
EndProject
Project("{8BC9CEB8-8B4A-11D0-8D11-00A0C91BC942}") = "Game", "Game\Game.vcxproj", "{25FF8A05-B206-410D-9B61-D7D2EC8E321B}"
	ProjectSection(ProjectDependencies) = postProject
		{65031B6A-61AF-4EB5-AAB7-F5CAAC68580F} = {65031B6A-61AF-4EB5-AAB7-F5CAAC68580F}
	EndProjectSection
EndProject
Global
	GlobalSection(SolutionConfigurationPlatforms) = preSolution
		Debug|x64 = Debug|x64
		Debug|x86 = Debug|x86
		Release|x64 = Release|x64
		Release|x86 = Release|x86
	EndGlobalSection
	GlobalSection(ProjectConfigurationPlatforms) = postSolution
		{65031B6A-61AF-4EB5-AAB7-F5CAAC68580F}.Debug|x64.ActiveCfg = Debug|x64
		{65031B6A-61AF-4EB5-AAB7-F5CAAC68580F}.Debug|x64.Build.0 = Debug|x64
		{65031B6A-61AF-4EB5-AAB7-F5CAAC68580F}.Debug|x86.ActiveCfg = Debug|Win32
		{65031B6A-61AF-4EB5-AAB7-F5CAAC68580F}.Debug|x86.Build.0 = Debug|Win32
		{65031B6A-61AF-4EB5-AAB7-F5CAAC68580F}.Release|x64.ActiveCfg = Release|x64
		{65031B6A-61AF-4EB5-AAB7-F5CAAC68580F}.Release|x64.Build.0 = Release|x64
		{65031B6A-61AF-4EB5-AAB7-F5CAAC68580F}.Release|x86.ActiveCfg = Release|Win32
		{65031B6A-61AF-4EB5-AAB7-F5CAAC68580F}.Release|x86.Build.0 = Release|Win32
		{25FF8A05-B206-410D-9B61-D7D2EC8E321B}.Debug|x64.ActiveCfg = Debug|x64
		{25FF8A05-B206-410D-9B61-D7D2EC8E321B}.Debug|x64.Build.0 = Debug|x64
		{25FF8A05-B206-410D-9B61-D7D2EC8E321B}.Debug|x86.ActiveCfg = Debug|Win32
		{25FF8A05-B206-410D-9B61-D7D2EC8E321B}.Debug|x86.Build.0 = Debug|Win32
		{25FF8A05-B206-410D-9B61-D7D2EC8E321B}.Release|x64.ActiveCfg = Release|x64
		{25FF8A05-B206-410D-9B61-D7D2EC8E321B}.Release|x64.Build.0 = Release|x64
		{25FF8A05-B206-410D-9B61-D7D2EC8E321B}.Release|x86.ActiveCfg = Release|Win32
		{25FF8A05-B206-410D-9B61-D7D2EC8E321B}.Release|x86.Build.0 = Release|Win32
	EndGlobalSection
	GlobalSection(SolutionProperties) = preSolution
		HideSolutionNode = FALSE
	EndGlobalSection
	GlobalSection(ExtensibilityGlobals) = postSolution
		SolutionGuid = {47D09DC5-8E74-4EB5-B475-78AF016F37F1}
	EndGlobalSection
EndGlobal
